
Microsoft Visual Studio Solution File, Format Version 12.00
# Visual Studio 15
VisualStudioVersion = 15.0.28307.168
MinimumVisualStudioVersion = 10.0.40219.1
Project("{9A19103F-16F7-4668-BE54-9A1E7A4F7556}") = "SeleniumGoogleSearch", "SeleniumGoogleSearch.csproj", "{48D4ADBB-41FD-47FA-8D5E-B7146E0BAF25}"
EndProject
Global
	GlobalSection(SolutionConfigurationPlatforms) = preSolution
		Debug|Any CPU = Debug|Any CPU
		Release|Any CPU = Release|Any CPU
	EndGlobalSection
	GlobalSection(ProjectConfigurationPlatforms) = postSolution
		{48D4ADBB-41FD-47FA-8D5E-B7146E0BAF25}.Debug|Any CPU.ActiveCfg = Debug|Any CPU
		{48D4ADBB-41FD-47FA-8D5E-B7146E0BAF25}.Debug|Any CPU.Build.0 = Debug|Any CPU
		{48D4ADBB-41FD-47FA-8D5E-B7146E0BAF25}.Release|Any CPU.ActiveCfg = Release|Any CPU
		{48D4ADBB-41FD-47FA-8D5E-B7146E0BAF25}.Release|Any CPU.Build.0 = Release|Any CPU
	EndGlobalSection
	GlobalSection(SolutionProperties) = preSolution
		HideSolutionNode = FALSE
	EndGlobalSection
	GlobalSection(ExtensibilityGlobals) = postSolution
		SolutionGuid = {5DA41468-AC91-44F5-BD57-F8759ACB199B}
	EndGlobalSection
EndGlobal
