
Microsoft Visual Studio Solution File, Format Version 12.00
# Visual Studio 2017
Project("{FAE04EC0-301F-11D3-BF4B-00C04F79EFBC}") = "SeleniumWebDriverFirstTests", "SeleniumWebDriverFirstTests.csproj", "{63FA6FD0-841B-4003-93B9-8697B6245716}"
EndProject
Global
	GlobalSection(SolutionConfigurationPlatforms) = preSolution
		Debug|Any CPU = Debug|Any CPU
		Release|Any CPU = Release|Any CPU
	EndGlobalSection
	GlobalSection(ProjectConfigurationPlatforms) = postSolution
		{63FA6FD0-841B-4003-93B9-8697B6245716}.Debug|Any CPU.ActiveCfg = Debug|Any CPU
		{63FA6FD0-841B-4003-93B9-8697B6245716}.Debug|Any CPU.Build.0 = Debug|Any CPU
		{63FA6FD0-841B-4003-93B9-8697B6245716}.Release|Any CPU.ActiveCfg = Release|Any CPU
		{63FA6FD0-841B-4003-93B9-8697B6245716}.Release|Any CPU.Build.0 = Release|Any CPU
	EndGlobalSection
EndGlobal
